{
  "lockfile_version": "1",
  "packages": {
    "go@1.22.9": {
      "last_modified": "2024-11-28T07:51:56Z",
      "resolved": "github:NixOS/nixpkgs/226216574ada4c3ecefcbbec41f39ce4655f78ef#go_1_22",
      "source": "devbox-search",
      "version": "1.22.9",
      "systems": {
        "aarch64-darwin": {
          "outputs": [
            {
              "name": "out",
              "path": "/nix/store/4nf51i4ah186y2jy3fad2fyvpa49qx6q-go-1.22.9",
              "default": true
            }
          ],
          "store_path": "/nix/store/4nf51i4ah186y2jy3fad2fyvpa49qx6q-go-1.22.9"
        },
        "aarch64-linux": {
          "outputs": [
            {
              "name": "out",
              "path": "/nix/store/8w8vzwgp55yl8j1ljgm4wzdgjkvkv5v3-go-1.22.9",
              "default": true
            }
          ],
          "store_path": "/nix/store/8w8vzwgp55yl8j1ljgm4wzdgjkvkv5v3-go-1.22.9"
        },
        "x86_64-darwin": {
          "outputs": [
            {
              "name": "out",
              "path": "/nix/store/vlih7j78ki05i8nvzdsxvws7a7ksq04m-go-1.22.9",
              "default": true
            }
          ],
          "store_path": "/nix/store/vlih7j78ki05i8nvzdsxvws7a7ksq04m-go-1.22.9"
        },
        "x86_64-linux": {
          "outputs": [
            {
              "name": "out",
              "path": "/nix/store/frc5188kgv3ws0n999c7cy5vi2f8k4jp-go-1.22.9",
              "default": true
            }
          ],
          "store_path": "/nix/store/frc5188kgv3ws0n999c7cy5vi2f8k4jp-go-1.22.9"
        }
      }
    },
    "goreleaser@latest": {
      "last_modified": "2025-02-12T00:10:52Z",
      "resolved": "github:NixOS/nixpkgs/83a2581c81ff5b06f7c1a4e7cc736a455dfcf7b4#goreleaser",
      "source": "devbox-search",
      "version": "2.7.0",
      "systems": {
        "aarch64-darwin": {
          "outputs": [
            {
              "name": "out",
              "path": "/nix/store/rgp8lyvjd2jc0n1hf8xwlcih2nh58p55-goreleaser-2.7.0",
              "default": true
            }
          ],
          "store_path": "/nix/store/rgp8lyvjd2jc0n1hf8xwlcih2nh58p55-goreleaser-2.7.0"
        },
        "aarch64-linux": {
          "outputs": [
            {
              "name": "out",
              "path": "/nix/store/8qlyfy6cp0s42h7p9qm736ygvkklfy2q-goreleaser-2.7.0",
              "default": true
            }
          ],
          "store_path": "/nix/store/8qlyfy6cp0s42h7p9qm736ygvkklfy2q-goreleaser-2.7.0"
        },
        "x86_64-darwin": {
          "outputs": [
            {
              "name": "out",
              "path": "/nix/store/hpb3rvn4y1sblrcnb636hyr7vksc64a5-goreleaser-2.7.0",
              "default": true
            }
          ],
          "store_path": "/nix/store/hpb3rvn4y1sblrcnb636hyr7vksc64a5-goreleaser-2.7.0"
        },
        "x86_64-linux": {
          "outputs": [
            {
              "name": "out",
              "path": "/nix/store/16dslcqzgwsalmhxz941v2xlvx92nhc5-goreleaser-2.7.0",
              "default": true
            }
          ],
          "store_path": "/nix/store/16dslcqzgwsalmhxz941v2xlvx92nhc5-goreleaser-2.7.0"
        }
      }
    }
  }
}
